// !$*UTF8*$!
{
	archiveVersion = 1;
	classes = {
	};
	objectVersion = 50;
	objects = {

/* Begin PBXBuildFile section */
		972D664523D204C8006C11C6 /* plane.mtl in Resources */ = {isa = PBXBuildFile; fileRef = 972D664223D204C7006C11C6 /* plane.mtl */; };
		972D664623D204C8006C11C6 /* plane.png in Resources */ = {isa = PBXBuildFile; fileRef = 972D664323D204C7006C11C6 /* plane.png */; };
		972D664723D204C8006C11C6 /* plane.obj in Resources */ = {isa = PBXBuildFile; fileRef = 972D664423D204C7006C11C6 /* plane.obj */; };
		972D664A23D20FDA006C11C6 /* SamplerStateManager.swift in Sources */ = {isa = PBXBuildFile; fileRef = 972D664923D20FDA006C11C6 /* SamplerStateManager.swift */; };
		972FC2A523D1D4B60059684C /* Texturable.swift in Sources */ = {isa = PBXBuildFile; fileRef = 972FC2A423D1D4B60059684C /* Texturable.swift */; };
		972FC2A823D1DF110059684C /* Submesh.swift in Sources */ = {isa = PBXBuildFile; fileRef = 972FC2A723D1DF110059684C /* Submesh.swift */; };
		9762F7CA23B0F3A0008AAD96 /* Light+Extension.swift in Sources */ = {isa = PBXBuildFile; fileRef = 9762F7C923B0F3A0008AAD96 /* Light+Extension.swift */; };
		9762F7CE23B102A6008AAD96 /* DebugLights.metal in Sources */ = {isa = PBXBuildFile; fileRef = 9762F7CC23B102A6008AAD96 /* DebugLights.metal */; };
		9762F7CF23B102A6008AAD96 /* DebugLights.swift in Sources */ = {isa = PBXBuildFile; fileRef = 9762F7CD23B102A6008AAD96 /* DebugLights.swift */; };
		978029DF23C788CF007B93FD /* treefir.obj in Resources */ = {isa = PBXBuildFile; fileRef = 978029DD23C788CF007B93FD /* treefir.obj */; };
		978029E023C788CF007B93FD /* treefir.mtl in Resources */ = {isa = PBXBuildFile; fileRef = 978029DE23C788CF007B93FD /* treefir.mtl */; };
		97A91F6323CF9970001835D1 /* lowpoly-house.png in Resources */ = {isa = PBXBuildFile; fileRef = 97A91F6023CF996F001835D1 /* lowpoly-house.png */; };
		97A91F6423CF9970001835D1 /* lowpoly-house.mtl in Resources */ = {isa = PBXBuildFile; fileRef = 97A91F6123CF996F001835D1 /* lowpoly-house.mtl */; };
		97A91F6523CF9970001835D1 /* lowpoly-house.obj in Resources */ = {isa = PBXBuildFile; fileRef = 97A91F6223CF996F001835D1 /* lowpoly-house.obj */; };
		97C5CE8A23AD045C001576A8 /* Node.swift in Sources */ = {isa = PBXBuildFile; fileRef = 97C5CE8923AD045C001576A8 /* Node.swift */; };
		97C5CE8C23AD0908001576A8 /* Camera.swift in Sources */ = {isa = PBXBuildFile; fileRef = 97C5CE8B23AD0908001576A8 /* Camera.swift */; };
		97C5CE8E23AD0E36001576A8 /* Model.swift in Sources */ = {isa = PBXBuildFile; fileRef = 97C5CE8D23AD0E36001576A8 /* Model.swift */; };
		97C5CE9023AD1623001576A8 /* VertexDescriptorManager.swift in Sources */ = {isa = PBXBuildFile; fileRef = 97C5CE8F23AD1623001576A8 /* VertexDescriptorManager.swift */; };
		97C5CE9223AD18A5001576A8 /* PipelineStateManager.swift in Sources */ = {isa = PBXBuildFile; fileRef = 97C5CE9123AD18A5001576A8 /* PipelineStateManager.swift */; };
		97C7379C23981D090085891F /* AppDelegate.swift in Sources */ = {isa = PBXBuildFile; fileRef = 97C7379B23981D090085891F /* AppDelegate.swift */; };
		97C7379E23981D090085891F /* SceneDelegate.swift in Sources */ = {isa = PBXBuildFile; fileRef = 97C7379D23981D090085891F /* SceneDelegate.swift */; };
		97C737A023981D090085891F /* ViewController.swift in Sources */ = {isa = PBXBuildFile; fileRef = 97C7379F23981D090085891F /* ViewController.swift */; };
		97C737A323981D090085891F /* Main.storyboard in Resources */ = {isa = PBXBuildFile; fileRef = 97C737A123981D090085891F /* Main.storyboard */; };
		97C737A523981D0A0085891F /* Assets.xcassets in Resources */ = {isa = PBXBuildFile; fileRef = 97C737A423981D0A0085891F /* Assets.xcassets */; };
		97C737A823981D0A0085891F /* LaunchScreen.storyboard in Resources */ = {isa = PBXBuildFile; fileRef = 97C737A623981D0A0085891F /* LaunchScreen.storyboard */; };
		97C737B123981D870085891F /* MetalKit.framework in Frameworks */ = {isa = PBXBuildFile; fileRef = 97C737B023981D870085891F /* MetalKit.framework */; };
		97C737B423981DEC0085891F /* Renderer.swift in Sources */ = {isa = PBXBuildFile; fileRef = 97C737B323981DEC0085891F /* Renderer.swift */; };
		97C737BA23981EDB0085891F /* train.obj in Resources */ = {isa = PBXBuildFile; fileRef = 97C737B623981EDB0085891F /* train.obj */; };
		97C737BB23981EDB0085891F /* train.mtl in Resources */ = {isa = PBXBuildFile; fileRef = 97C737B723981EDB0085891F /* train.mtl */; };
		97C737BC23981EDB0085891F /* mushroom.mtl in Resources */ = {isa = PBXBuildFile; fileRef = 97C737B823981EDB0085891F /* mushroom.mtl */; };
		97C737BD23981EDB0085891F /* mushroom.obj in Resources */ = {isa = PBXBuildFile; fileRef = 97C737B923981EDB0085891F /* mushroom.obj */; };
		97C737C023981F150085891F /* shader.metal in Sources */ = {isa = PBXBuildFile; fileRef = 97C737BF23981F150085891F /* shader.metal */; };
		97D252DD23AA9B4700310104 /* MathLibrary.swift in Sources */ = {isa = PBXBuildFile; fileRef = 97D252DC23AA9B4700310104 /* MathLibrary.swift */; };
		97EE2CF02445FD56007AAB29 /* grass.png in Resources */ = {isa = PBXBuildFile; fileRef = 97EE2CEF2445FD56007AAB29 /* grass.png */; };
		97EE2CF42446001F007AAB29 /* lowpoly-barn-color.png in Resources */ = {isa = PBXBuildFile; fileRef = 97EE2CF32446001F007AAB29 /* lowpoly-barn-color.png */; };
		97EE2CF824465CE8007AAB29 /* Lighting.swift in Sources */ = {isa = PBXBuildFile; fileRef = 97EE2CF724465CE8007AAB29 /* Lighting.swift */; };
		97EE2D0024465F7B007AAB29 /* cottage1.obj in Resources */ = {isa = PBXBuildFile; fileRef = 97EE2CFA24465F7B007AAB29 /* cottage1.obj */; };
		97EE2D0124465F7B007AAB29 /* cottage2.mtl in Resources */ = {isa = PBXBuildFile; fileRef = 97EE2CFB24465F7B007AAB29 /* cottage2.mtl */; };
		97EE2D0224465F7B007AAB29 /* cottage1.mtl in Resources */ = {isa = PBXBuildFile; fileRef = 97EE2CFC24465F7B007AAB29 /* cottage1.mtl */; };
		97EE2D0324465F7B007AAB29 /* cottage2.obj in Resources */ = {isa = PBXBuildFile; fileRef = 97EE2CFD24465F7B007AAB29 /* cottage2.obj */; };
		97EE2D0424465F7B007AAB29 /* cube.mtl in Resources */ = {isa = PBXBuildFile; fileRef = 97EE2CFE24465F7B007AAB29 /* cube.mtl */; };
		97EE2D0524465F7B007AAB29 /* cube.obj in Resources */ = {isa = PBXBuildFile; fileRef = 97EE2CFF24465F7B007AAB29 /* cube.obj */; };
		97EE2D0724465F9C007AAB29 /* cube-roughness.png in Resources */ = {isa = PBXBuildFile; fileRef = 97EE2D0624465F9C007AAB29 /* cube-roughness.png */; };
		97EE2D0924465FA8007AAB29 /* cube-normal.png in Resources */ = {isa = PBXBuildFile; fileRef = 97EE2D0824465FA8007AAB29 /* cube-normal.png */; };
		97EE2D0B24465FAF007AAB29 /* cube-color.png in Resources */ = {isa = PBXBuildFile; fileRef = 97EE2D0A24465FAF007AAB29 /* cube-color.png */; };
		97EE2D0D24465FB7007AAB29 /* cottage-normal.png in Resources */ = {isa = PBXBuildFile; fileRef = 97EE2D0C24465FB7007AAB29 /* cottage-normal.png */; };
		97EE2D0F24465FC3007AAB29 /* cottage-color.png in Resources */ = {isa = PBXBuildFile; fileRef = 97EE2D0E24465FC3007AAB29 /* cottage-color.png */; };
/* End PBXBuildFile section */

/* Begin PBXFileReference section */
		972D664223D204C7006C11C6 /* plane.mtl */ = {isa = PBXFileReference; fileEncoding = 4; lastKnownFileType = text; path = plane.mtl; sourceTree = "<group>"; };
		972D664323D204C7006C11C6 /* plane.png */ = {isa = PBXFileReference; lastKnownFileType = image.png; path = plane.png; sourceTree = "<group>"; };
		972D664423D204C7006C11C6 /* plane.obj */ = {isa = PBXFileReference; fileEncoding = 4; lastKnownFileType = text; path = plane.obj; sourceTree = "<group>"; };
		972D664923D20FDA006C11C6 /* SamplerStateManager.swift */ = {isa = PBXFileReference; lastKnownFileType = sourcecode.swift; path = SamplerStateManager.swift; sourceTree = "<group>"; };
		972FC2A423D1D4B60059684C /* Texturable.swift */ = {isa = PBXFileReference; lastKnownFileType = sourcecode.swift; path = Texturable.swift; sourceTree = "<group>"; };
		972FC2A723D1DF110059684C /* Submesh.swift */ = {isa = PBXFileReference; lastKnownFileType = sourcecode.swift; path = Submesh.swift; sourceTree = "<group>"; };
		9762F7C923B0F3A0008AAD96 /* Light+Extension.swift */ = {isa = PBXFileReference; lastKnownFileType = sourcecode.swift; path = "Light+Extension.swift"; sourceTree = "<group>"; };
		9762F7CC23B102A6008AAD96 /* DebugLights.metal */ = {isa = PBXFileReference; fileEncoding = 4; lastKnownFileType = sourcecode.metal; path = DebugLights.metal; sourceTree = "<group>"; };
		9762F7CD23B102A6008AAD96 /* DebugLights.swift */ = {isa = PBXFileReference; fileEncoding = 4; lastKnownFileType = sourcecode.swift; path = DebugLights.swift; sourceTree = "<group>"; };
		978029DD23C788CF007B93FD /* treefir.obj */ = {isa = PBXFileReference; fileEncoding = 4; lastKnownFileType = text; path = treefir.obj; sourceTree = "<group>"; };
		978029DE23C788CF007B93FD /* treefir.mtl */ = {isa = PBXFileReference; fileEncoding = 4; lastKnownFileType = text; path = treefir.mtl; sourceTree = "<group>"; };
		97A91F6023CF996F001835D1 /* lowpoly-house.png */ = {isa = PBXFileReference; lastKnownFileType = image.png; path = "lowpoly-house.png"; sourceTree = "<group>"; };
		97A91F6123CF996F001835D1 /* lowpoly-house.mtl */ = {isa = PBXFileReference; fileEncoding = 4; lastKnownFileType = text; path = "lowpoly-house.mtl"; sourceTree = "<group>"; };
		97A91F6223CF996F001835D1 /* lowpoly-house.obj */ = {isa = PBXFileReference; fileEncoding = 4; lastKnownFileType = text; path = "lowpoly-house.obj"; sourceTree = "<group>"; };
		97C5CE8923AD045C001576A8 /* Node.swift */ = {isa = PBXFileReference; lastKnownFileType = sourcecode.swift; path = Node.swift; sourceTree = "<group>"; };
		97C5CE8B23AD0908001576A8 /* Camera.swift */ = {isa = PBXFileReference; lastKnownFileType = sourcecode.swift; path = Camera.swift; sourceTree = "<group>"; };
		97C5CE8D23AD0E36001576A8 /* Model.swift */ = {isa = PBXFileReference; lastKnownFileType = sourcecode.swift; path = Model.swift; sourceTree = "<group>"; };
		97C5CE8F23AD1623001576A8 /* VertexDescriptorManager.swift */ = {isa = PBXFileReference; lastKnownFileType = sourcecode.swift; path = VertexDescriptorManager.swift; sourceTree = "<group>"; };
		97C5CE9123AD18A5001576A8 /* PipelineStateManager.swift */ = {isa = PBXFileReference; lastKnownFileType = sourcecode.swift; path = PipelineStateManager.swift; sourceTree = "<group>"; };
		97C7379823981D090085891F /* MetalLearningApp.app */ = {isa = PBXFileReference; explicitFileType = wrapper.application; includeInIndex = 0; path = MetalLearningApp.app; sourceTree = BUILT_PRODUCTS_DIR; };
		97C7379B23981D090085891F /* AppDelegate.swift */ = {isa = PBXFileReference; lastKnownFileType = sourcecode.swift; path = AppDelegate.swift; sourceTree = "<group>"; };
		97C7379D23981D090085891F /* SceneDelegate.swift */ = {isa = PBXFileReference; lastKnownFileType = sourcecode.swift; path = SceneDelegate.swift; sourceTree = "<group>"; };
		97C7379F23981D090085891F /* ViewController.swift */ = {isa = PBXFileReference; lastKnownFileType = sourcecode.swift; path = ViewController.swift; sourceTree = "<group>"; };
		97C737A223981D090085891F /* Base */ = {isa = PBXFileReference; lastKnownFileType = file.storyboard; name = Base; path = Base.lproj/Main.storyboard; sourceTree = "<group>"; };
		97C737A423981D0A0085891F /* Assets.xcassets */ = {isa = PBXFileReference; lastKnownFileType = folder.assetcatalog; path = Assets.xcassets; sourceTree = "<group>"; };
		97C737A723981D0A0085891F /* Base */ = {isa = PBXFileReference; lastKnownFileType = file.storyboard; name = Base; path = Base.lproj/LaunchScreen.storyboard; sourceTree = "<group>"; };
		97C737A923981D0A0085891F /* Info.plist */ = {isa = PBXFileReference; lastKnownFileType = text.plist.xml; path = Info.plist; sourceTree = "<group>"; };
		97C737B023981D870085891F /* MetalKit.framework */ = {isa = PBXFileReference; lastKnownFileType = wrapper.framework; name = MetalKit.framework; path = System/Library/Frameworks/MetalKit.framework; sourceTree = SDKROOT; };
		97C737B323981DEC0085891F /* Renderer.swift */ = {isa = PBXFileReference; lastKnownFileType = sourcecode.swift; path = Renderer.swift; sourceTree = "<group>"; };
		97C737B623981EDB0085891F /* train.obj */ = {isa = PBXFileReference; fileEncoding = 4; lastKnownFileType = text; path = train.obj; sourceTree = "<group>"; };
		97C737B723981EDB0085891F /* train.mtl */ = {isa = PBXFileReference; fileEncoding = 4; lastKnownFileType = text; path = train.mtl; sourceTree = "<group>"; };
		97C737B823981EDB0085891F /* mushroom.mtl */ = {isa = PBXFileReference; fileEncoding = 4; lastKnownFileType = text; path = mushroom.mtl; sourceTree = "<group>"; };
		97C737B923981EDB0085891F /* mushroom.obj */ = {isa = PBXFileReference; fileEncoding = 4; lastKnownFileType = text; path = mushroom.obj; sourceTree = "<group>"; };
		97C737BF23981F150085891F /* shader.metal */ = {isa = PBXFileReference; lastKnownFileType = sourcecode.metal; path = shader.metal; sourceTree = "<group>"; };
		97D252DC23AA9B4700310104 /* MathLibrary.swift */ = {isa = PBXFileReference; fileEncoding = 4; lastKnownFileType = sourcecode.swift; path = MathLibrary.swift; sourceTree = "<group>"; };
		97D252DF23AACD3E00310104 /* ShaderDefinitions.h */ = {isa = PBXFileReference; lastKnownFileType = sourcecode.c.h; path = ShaderDefinitions.h; sourceTree = "<group>"; };
		97D252E023AACE1500310104 /* MetalLearningApp-Bridging-Header.h */ = {isa = PBXFileReference; lastKnownFileType = sourcecode.c.h; path = "MetalLearningApp-Bridging-Header.h"; sourceTree = "<group>"; };
		97EE2CEF2445FD56007AAB29 /* grass.png */ = {isa = PBXFileReference; lastKnownFileType = image.png; path = grass.png; sourceTree = "<group>"; };
		97EE2CF32446001F007AAB29 /* lowpoly-barn-color.png */ = {isa = PBXFileReference; lastKnownFileType = image.png; path = "lowpoly-barn-color.png"; sourceTree = "<group>"; };
		97EE2CF724465CE8007AAB29 /* Lighting.swift */ = {isa = PBXFileReference; lastKnownFileType = sourcecode.swift; path = Lighting.swift; sourceTree = "<group>"; };
		97EE2CFA24465F7B007AAB29 /* cottage1.obj */ = {isa = PBXFileReference; fileEncoding = 4; lastKnownFileType = text; path = cottage1.obj; sourceTree = "<group>"; };
		97EE2CFB24465F7B007AAB29 /* cottage2.mtl */ = {isa = PBXFileReference; fileEncoding = 4; lastKnownFileType = text; path = cottage2.mtl; sourceTree = "<group>"; };
		97EE2CFC24465F7B007AAB29 /* cottage1.mtl */ = {isa = PBXFileReference; fileEncoding = 4; lastKnownFileType = text; path = cottage1.mtl; sourceTree = "<group>"; };
		97EE2CFD24465F7B007AAB29 /* cottage2.obj */ = {isa = PBXFileReference; fileEncoding = 4; lastKnownFileType = text; path = cottage2.obj; sourceTree = "<group>"; };
		97EE2CFE24465F7B007AAB29 /* cube.mtl */ = {isa = PBXFileReference; fileEncoding = 4; lastKnownFileType = text; path = cube.mtl; sourceTree = "<group>"; };
		97EE2CFF24465F7B007AAB29 /* cube.obj */ = {isa = PBXFileReference; fileEncoding = 4; lastKnownFileType = text; path = cube.obj; sourceTree = "<group>"; };
		97EE2D0624465F9C007AAB29 /* cube-roughness.png */ = {isa = PBXFileReference; lastKnownFileType = image.png; path = "cube-roughness.png"; sourceTree = "<group>"; };
		97EE2D0824465FA8007AAB29 /* cube-normal.png */ = {isa = PBXFileReference; lastKnownFileType = image.png; path = "cube-normal.png"; sourceTree = "<group>"; };
		97EE2D0A24465FAF007AAB29 /* cube-color.png */ = {isa = PBXFileReference; lastKnownFileType = image.png; path = "cube-color.png"; sourceTree = "<group>"; };
		97EE2D0C24465FB7007AAB29 /* cottage-normal.png */ = {isa = PBXFileReference; lastKnownFileType = image.png; path = "cottage-normal.png"; sourceTree = "<group>"; };
		97EE2D0E24465FC3007AAB29 /* cottage-color.png */ = {isa = PBXFileReference; lastKnownFileType = image.png; path = "cottage-color.png"; sourceTree = "<group>"; };
/* End PBXFileReference section */

/* Begin PBXFrameworksBuildPhase section */
		97C7379523981D090085891F /* Frameworks */ = {
			isa = PBXFrameworksBuildPhase;
			buildActionMask = 2147483647;
			files = (
				97C737B123981D870085891F /* MetalKit.framework in Frameworks */,
			);
			runOnlyForDeploymentPostprocessing = 0;
		};
/* End PBXFrameworksBuildPhase section */

/* Begin PBXGroup section */
		972D664123D204B1006C11C6 /* Plane */ = {
			isa = PBXGroup;
			children = (
				97EE2CEF2445FD56007AAB29 /* grass.png */,
				972D664323D204C7006C11C6 /* plane.png */,
				972D664223D204C7006C11C6 /* plane.mtl */,
				972D664423D204C7006C11C6 /* plane.obj */,
			);
			path = Plane;
			sourceTree = "<group>";
		};
		972D664823D20FC6006C11C6 /* Descriptors */ = {
			isa = PBXGroup;
			children = (
				972D664923D20FDA006C11C6 /* SamplerStateManager.swift */,
				97C5CE8F23AD1623001576A8 /* VertexDescriptorManager.swift */,
				97C5CE9123AD18A5001576A8 /* PipelineStateManager.swift */,
			);
			path = Descriptors;
			sourceTree = "<group>";
		};
		972FC2A623D1DF030059684C /* Model */ = {
			isa = PBXGroup;
			children = (
				97C5CE8D23AD0E36001576A8 /* Model.swift */,
				972FC2A723D1DF110059684C /* Submesh.swift */,
				972FC2A423D1D4B60059684C /* Texturable.swift */,
				97EE2CF724465CE8007AAB29 /* Lighting.swift */,
			);
			path = Model;
			sourceTree = "<group>";
		};
		9762F7CB23B1029C008AAD96 /* Debug */ = {
			isa = PBXGroup;
			children = (
				9762F7CC23B102A6008AAD96 /* DebugLights.metal */,
				9762F7CD23B102A6008AAD96 /* DebugLights.swift */,
			);
			path = Debug;
			sourceTree = "<group>";
		};
		97A91F5C23CF991B001835D1 /* Mushroom */ = {
			isa = PBXGroup;
			children = (
				97C737B823981EDB0085891F /* mushroom.mtl */,
				97C737B923981EDB0085891F /* mushroom.obj */,
			);
			path = Mushroom;
			sourceTree = "<group>";
		};
		97A91F5D23CF992A001835D1 /* Train */ = {
			isa = PBXGroup;
			children = (
				97C737B723981EDB0085891F /* train.mtl */,
				97C737B623981EDB0085891F /* train.obj */,
			);
			path = Train;
			sourceTree = "<group>";
		};
		97A91F5E23CF9938001835D1 /* Treefir */ = {
			isa = PBXGroup;
			children = (
				978029DE23C788CF007B93FD /* treefir.mtl */,
				978029DD23C788CF007B93FD /* treefir.obj */,
			);
			path = Treefir;
			sourceTree = "<group>";
		};
		97A91F5F23CF995B001835D1 /* Low Poly House */ = {
			isa = PBXGroup;
			children = (
				97EE2CF32446001F007AAB29 /* lowpoly-barn-color.png */,
				97A91F6023CF996F001835D1 /* lowpoly-house.png */,
				97A91F6123CF996F001835D1 /* lowpoly-house.mtl */,
				97A91F6223CF996F001835D1 /* lowpoly-house.obj */,
			);
			path = "Low Poly House";
			sourceTree = "<group>";
		};
		97C7378F23981D090085891F = {
			isa = PBXGroup;
			children = (
				97C7379A23981D090085891F /* MetalLearningApp */,
				97C7379923981D090085891F /* Products */,
				97C737AF23981D870085891F /* Frameworks */,
			);
			sourceTree = "<group>";
		};
		97C7379923981D090085891F /* Products */ = {
			isa = PBXGroup;
			children = (
				97C7379823981D090085891F /* MetalLearningApp.app */,
			);
			name = Products;
			sourceTree = "<group>";
		};
		97C7379A23981D090085891F /* MetalLearningApp */ = {
			isa = PBXGroup;
			children = (
				97D252DB23AA9B3400310104 /* Utility */,
				97C737BE23981F010085891F /* Shaders */,
				97C737B523981E0E0085891F /* Resources */,
				97C737B223981DD90085891F /* Render */,
				97C7379B23981D090085891F /* AppDelegate.swift */,
				97C7379D23981D090085891F /* SceneDelegate.swift */,
				97C7379F23981D090085891F /* ViewController.swift */,
				97C737A123981D090085891F /* Main.storyboard */,
				97C737A423981D0A0085891F /* Assets.xcassets */,
				97C737A623981D0A0085891F /* LaunchScreen.storyboard */,
				97C737A923981D0A0085891F /* Info.plist */,
				97D252E023AACE1500310104 /* MetalLearningApp-Bridging-Header.h */,
			);
			path = MetalLearningApp;
			sourceTree = "<group>";
		};
		97C737AF23981D870085891F /* Frameworks */ = {
			isa = PBXGroup;
			children = (
				97C737B023981D870085891F /* MetalKit.framework */,
			);
			name = Frameworks;
			sourceTree = "<group>";
		};
		97C737B223981DD90085891F /* Render */ = {
			isa = PBXGroup;
			children = (
				972D664823D20FC6006C11C6 /* Descriptors */,
				972FC2A623D1DF030059684C /* Model */,
				97C737B323981DEC0085891F /* Renderer.swift */,
				97C5CE8923AD045C001576A8 /* Node.swift */,
				97C5CE8B23AD0908001576A8 /* Camera.swift */,
			);
			path = Render;
			sourceTree = "<group>";
		};
		97C737B523981E0E0085891F /* Resources */ = {
			isa = PBXGroup;
			children = (
				97EE2CF924465F5C007AAB29 /* House */,
				972D664123D204B1006C11C6 /* Plane */,
				97A91F5F23CF995B001835D1 /* Low Poly House */,
				97A91F5E23CF9938001835D1 /* Treefir */,
				97A91F5D23CF992A001835D1 /* Train */,
				97A91F5C23CF991B001835D1 /* Mushroom */,
			);
			path = Resources;
			sourceTree = "<group>";
		};
		97C737BE23981F010085891F /* Shaders */ = {
			isa = PBXGroup;
			children = (
				97D252DF23AACD3E00310104 /* ShaderDefinitions.h */,
				97C737BF23981F150085891F /* shader.metal */,
			);
			path = Shaders;
			sourceTree = "<group>";
		};
		97D252DB23AA9B3400310104 /* Utility */ = {
			isa = PBXGroup;
			children = (
				9762F7CB23B1029C008AAD96 /* Debug */,
				97D252DC23AA9B4700310104 /* MathLibrary.swift */,
				9762F7C923B0F3A0008AAD96 /* Light+Extension.swift */,
			);
			path = Utility;
			sourceTree = "<group>";
		};
		97EE2CF924465F5C007AAB29 /* House */ = {
			isa = PBXGroup;
			children = (
				97EE2CFC24465F7B007AAB29 /* cottage1.mtl */,
				97EE2CFA24465F7B007AAB29 /* cottage1.obj */,
				97EE2CFB24465F7B007AAB29 /* cottage2.mtl */,
				97EE2CFD24465F7B007AAB29 /* cottage2.obj */,
				97EE2CFE24465F7B007AAB29 /* cube.mtl */,
				97EE2CFF24465F7B007AAB29 /* cube.obj */,
				97EE2D0E24465FC3007AAB29 /* cottage-color.png */,
				97EE2D0C24465FB7007AAB29 /* cottage-normal.png */,
				97EE2D0A24465FAF007AAB29 /* cube-color.png */,
				97EE2D0624465F9C007AAB29 /* cube-roughness.png */,
				97EE2D0824465FA8007AAB29 /* cube-normal.png */,
			);
			path = House;
			sourceTree = "<group>";
		};
/* End PBXGroup section */

/* Begin PBXNativeTarget section */
		97C7379723981D090085891F /* MetalLearningApp */ = {
			isa = PBXNativeTarget;
			buildConfigurationList = 97C737AC23981D0A0085891F /* Build configuration list for PBXNativeTarget "MetalLearningApp" */;
			buildPhases = (
				97C7379423981D090085891F /* Sources */,
				97C7379523981D090085891F /* Frameworks */,
				97C7379623981D090085891F /* Resources */,
			);
			buildRules = (
			);
			dependencies = (
			);
			name = MetalLearningApp;
			productName = MetalLearningApp;
			productReference = 97C7379823981D090085891F /* MetalLearningApp.app */;
			productType = "com.apple.product-type.application";
		};
/* End PBXNativeTarget section */

/* Begin PBXProject section */
		97C7379023981D090085891F /* Project object */ = {
			isa = PBXProject;
			attributes = {
				LastSwiftUpdateCheck = 1120;
				LastUpgradeCheck = 1120;
				ORGANIZATIONNAME = sxsasha;
				TargetAttributes = {
					97C7379723981D090085891F = {
						CreatedOnToolsVersion = 11.2.1;
					};
				};
			};
			buildConfigurationList = 97C7379323981D090085891F /* Build configuration list for PBXProject "MetalLearningApp" */;
			compatibilityVersion = "Xcode 9.3";
			developmentRegion = en;
			hasScannedForEncodings = 0;
			knownRegions = (
				en,
				Base,
			);
			mainGroup = 97C7378F23981D090085891F;
			productRefGroup = 97C7379923981D090085891F /* Products */;
			projectDirPath = "";
			projectRoot = "";
			targets = (
				97C7379723981D090085891F /* MetalLearningApp */,
			);
		};
/* End PBXProject section */

/* Begin PBXResourcesBuildPhase section */
		97C7379623981D090085891F /* Resources */ = {
			isa = PBXResourcesBuildPhase;
			buildActionMask = 2147483647;
			files = (
				97EE2D0B24465FAF007AAB29 /* cube-color.png in Resources */,
				972D664523D204C8006C11C6 /* plane.mtl in Resources */,
				97EE2D0024465F7B007AAB29 /* cottage1.obj in Resources */,
				97EE2D0F24465FC3007AAB29 /* cottage-color.png in Resources */,
				97EE2D0924465FA8007AAB29 /* cube-normal.png in Resources */,
				978029E023C788CF007B93FD /* treefir.mtl in Resources */,
				972D664723D204C8006C11C6 /* plane.obj in Resources */,
				972D664623D204C8006C11C6 /* plane.png in Resources */,
				97A91F6523CF9970001835D1 /* lowpoly-house.obj in Resources */,
				97EE2CF42446001F007AAB29 /* lowpoly-barn-color.png in Resources */,
				97EE2D0324465F7B007AAB29 /* cottage2.obj in Resources */,
				97EE2D0424465F7B007AAB29 /* cube.mtl in Resources */,
				97A91F6323CF9970001835D1 /* lowpoly-house.png in Resources */,
				97EE2D0124465F7B007AAB29 /* cottage2.mtl in Resources */,
				97C737BA23981EDB0085891F /* train.obj in Resources */,
				97C737BB23981EDB0085891F /* train.mtl in Resources */,
				97C737A823981D0A0085891F /* LaunchScreen.storyboard in Resources */,
				97C737A523981D0A0085891F /* Assets.xcassets in Resources */,
				97C737A323981D090085891F /* Main.storyboard in Resources */,
				97EE2D0524465F7B007AAB29 /* cube.obj in Resources */,
				978029DF23C788CF007B93FD /* treefir.obj in Resources */,
				97EE2CF02445FD56007AAB29 /* grass.png in Resources */,
				97A91F6423CF9970001835D1 /* lowpoly-house.mtl in Resources */,
				97C737BC23981EDB0085891F /* mushroom.mtl in Resources */,
				97C737BD23981EDB0085891F /* mushroom.obj in Resources */,
				97EE2D0D24465FB7007AAB29 /* cottage-normal.png in Resources */,
				97EE2D0224465F7B007AAB29 /* cottage1.mtl in Resources */,
				97EE2D0724465F9C007AAB29 /* cube-roughness.png in Resources */,
			);
			runOnlyForDeploymentPostprocessing = 0;
		};
/* End PBXResourcesBuildPhase section */

/* Begin PBXSourcesBuildPhase section */
		97C7379423981D090085891F /* Sources */ = {
			isa = PBXSourcesBuildPhase;
			buildActionMask = 2147483647;
			files = (
				9762F7CA23B0F3A0008AAD96 /* Light+Extension.swift in Sources */,
				97C5CE8E23AD0E36001576A8 /* Model.swift in Sources */,
				97C5CE8C23AD0908001576A8 /* Camera.swift in Sources */,
				97C5CE9023AD1623001576A8 /* VertexDescriptorManager.swift in Sources */,
				972FC2A523D1D4B60059684C /* Texturable.swift in Sources */,
				97EE2CF824465CE8007AAB29 /* Lighting.swift in Sources */,
				972D664A23D20FDA006C11C6 /* SamplerStateManager.swift in Sources */,
				97C737B423981DEC0085891F /* Renderer.swift in Sources */,
				97C737A023981D090085891F /* ViewController.swift in Sources */,
				9762F7CE23B102A6008AAD96 /* DebugLights.metal in Sources */,
				97C7379C23981D090085891F /* AppDelegate.swift in Sources */,
				97C7379E23981D090085891F /* SceneDelegate.swift in Sources */,
				97C737C023981F150085891F /* shader.metal in Sources */,
				97D252DD23AA9B4700310104 /* MathLibrary.swift in Sources */,
				97C5CE9223AD18A5001576A8 /* PipelineStateManager.swift in Sources */,
				9762F7CF23B102A6008AAD96 /* DebugLights.swift in Sources */,
				97C5CE8A23AD045C001576A8 /* Node.swift in Sources */,
				972FC2A823D1DF110059684C /* Submesh.swift in Sources */,
			);
			runOnlyForDeploymentPostprocessing = 0;
		};
/* End PBXSourcesBuildPhase section */

/* Begin PBXVariantGroup section */
		97C737A123981D090085891F /* Main.storyboard */ = {
			isa = PBXVariantGroup;
			children = (
				97C737A223981D090085891F /* Base */,
			);
			name = Main.storyboard;
			sourceTree = "<group>";
		};
		97C737A623981D0A0085891F /* LaunchScreen.storyboard */ = {
			isa = PBXVariantGroup;
			children = (
				97C737A723981D0A0085891F /* Base */,
			);
			name = LaunchScreen.storyboard;
			sourceTree = "<group>";
		};
/* End PBXVariantGroup section */

/* Begin XCBuildConfiguration section */
		97C737AA23981D0A0085891F /* Debug */ = {
			isa = XCBuildConfiguration;
			buildSettings = {
				ALWAYS_SEARCH_USER_PATHS = NO;
				CLANG_ANALYZER_NONNULL = YES;
				CLANG_ANALYZER_NUMBER_OBJECT_CONVERSION = YES_AGGRESSIVE;
				CLANG_CXX_LANGUAGE_STANDARD = "gnu++14";
				CLANG_CXX_LIBRARY = "libc++";
				CLANG_ENABLE_MODULES = YES;
				CLANG_ENABLE_OBJC_ARC = YES;
				CLANG_ENABLE_OBJC_WEAK = YES;
				CLANG_WARN_BLOCK_CAPTURE_AUTORELEASING = YES;
				CLANG_WARN_BOOL_CONVERSION = YES;
				CLANG_WARN_COMMA = YES;
				CLANG_WARN_CONSTANT_CONVERSION = YES;
				CLANG_WARN_DEPRECATED_OBJC_IMPLEMENTATIONS = YES;
				CLANG_WARN_DIRECT_OBJC_ISA_USAGE = YES_ERROR;
				CLANG_WARN_DOCUMENTATION_COMMENTS = YES;
				CLANG_WARN_EMPTY_BODY = YES;
				CLANG_WARN_ENUM_CONVERSION = YES;
				CLANG_WARN_INFINITE_RECURSION = YES;
				CLANG_WARN_INT_CONVERSION = YES;
				CLANG_WARN_NON_LITERAL_NULL_CONVERSION = YES;
				CLANG_WARN_OBJC_IMPLICIT_RETAIN_SELF = YES;
				CLANG_WARN_OBJC_LITERAL_CONVERSION = YES;
				CLANG_WARN_OBJC_ROOT_CLASS = YES_ERROR;
				CLANG_WARN_RANGE_LOOP_ANALYSIS = YES;
				CLANG_WARN_STRICT_PROTOTYPES = YES;
				CLANG_WARN_SUSPICIOUS_MOVE = YES;
				CLANG_WARN_UNGUARDED_AVAILABILITY = YES_AGGRESSIVE;
				CLANG_WARN_UNREACHABLE_CODE = YES;
				CLANG_WARN__DUPLICATE_METHOD_MATCH = YES;
				COPY_PHASE_STRIP = NO;
				DEBUG_INFORMATION_FORMAT = dwarf;
				ENABLE_STRICT_OBJC_MSGSEND = YES;
				ENABLE_TESTABILITY = YES;
				GCC_C_LANGUAGE_STANDARD = gnu11;
				GCC_DYNAMIC_NO_PIC = NO;
				GCC_NO_COMMON_BLOCKS = YES;
				GCC_OPTIMIZATION_LEVEL = 0;
				GCC_PREPROCESSOR_DEFINITIONS = (
					"DEBUG=1",
					"$(inherited)",
				);
				GCC_WARN_64_TO_32_BIT_CONVERSION = YES;
				GCC_WARN_ABOUT_RETURN_TYPE = YES_ERROR;
				GCC_WARN_UNDECLARED_SELECTOR = YES;
				GCC_WARN_UNINITIALIZED_AUTOS = YES_AGGRESSIVE;
				GCC_WARN_UNUSED_FUNCTION = YES;
				GCC_WARN_UNUSED_VARIABLE = YES;
				IPHONEOS_DEPLOYMENT_TARGET = 13.2;
				MTL_ENABLE_DEBUG_INFO = INCLUDE_SOURCE;
				MTL_FAST_MATH = YES;
				ONLY_ACTIVE_ARCH = YES;
				SDKROOT = iphoneos;
				SWIFT_ACTIVE_COMPILATION_CONDITIONS = DEBUG;
				SWIFT_OBJC_BRIDGING_HEADER = "";
				SWIFT_OPTIMIZATION_LEVEL = "-Onone";
			};
			name = Debug;
		};
		97C737AB23981D0A0085891F /* Release */ = {
			isa = XCBuildConfiguration;
			buildSettings = {
				ALWAYS_SEARCH_USER_PATHS = NO;
				CLANG_ANALYZER_NONNULL = YES;
				CLANG_ANALYZER_NUMBER_OBJECT_CONVERSION = YES_AGGRESSIVE;
				CLANG_CXX_LANGUAGE_STANDARD = "gnu++14";
				CLANG_CXX_LIBRARY = "libc++";
				CLANG_ENABLE_MODULES = YES;
				CLANG_ENABLE_OBJC_ARC = YES;
				CLANG_ENABLE_OBJC_WEAK = YES;
				CLANG_WARN_BLOCK_CAPTURE_AUTORELEASING = YES;
				CLANG_WARN_BOOL_CONVERSION = YES;
				CLANG_WARN_COMMA = YES;
				CLANG_WARN_CONSTANT_CONVERSION = YES;
				CLANG_WARN_DEPRECATED_OBJC_IMPLEMENTATIONS = YES;
				CLANG_WARN_DIRECT_OBJC_ISA_USAGE = YES_ERROR;
				CLANG_WARN_DOCUMENTATION_COMMENTS = YES;
				CLANG_WARN_EMPTY_BODY = YES;
				CLANG_WARN_ENUM_CONVERSION = YES;
				CLANG_WARN_INFINITE_RECURSION = YES;
				CLANG_WARN_INT_CONVERSION = YES;
				CLANG_WARN_NON_LITERAL_NULL_CONVERSION = YES;
				CLANG_WARN_OBJC_IMPLICIT_RETAIN_SELF = YES;
				CLANG_WARN_OBJC_LITERAL_CONVERSION = YES;
				CLANG_WARN_OBJC_ROOT_CLASS = YES_ERROR;
				CLANG_WARN_RANGE_LOOP_ANALYSIS = YES;
				CLANG_WARN_STRICT_PROTOTYPES = YES;
				CLANG_WARN_SUSPICIOUS_MOVE = YES;
				CLANG_WARN_UNGUARDED_AVAILABILITY = YES_AGGRESSIVE;
				CLANG_WARN_UNREACHABLE_CODE = YES;
				CLANG_WARN__DUPLICATE_METHOD_MATCH = YES;
				COPY_PHASE_STRIP = NO;
				DEBUG_INFORMATION_FORMAT = "dwarf-with-dsym";
				ENABLE_NS_ASSERTIONS = NO;
				ENABLE_STRICT_OBJC_MSGSEND = YES;
				GCC_C_LANGUAGE_STANDARD = gnu11;
				GCC_NO_COMMON_BLOCKS = YES;
				GCC_WARN_64_TO_32_BIT_CONVERSION = YES;
				GCC_WARN_ABOUT_RETURN_TYPE = YES_ERROR;
				GCC_WARN_UNDECLARED_SELECTOR = YES;
				GCC_WARN_UNINITIALIZED_AUTOS = YES_AGGRESSIVE;
				GCC_WARN_UNUSED_FUNCTION = YES;
				GCC_WARN_UNUSED_VARIABLE = YES;
				IPHONEOS_DEPLOYMENT_TARGET = 13.2;
				MTL_ENABLE_DEBUG_INFO = NO;
				MTL_FAST_MATH = YES;
				SDKROOT = iphoneos;
				SWIFT_COMPILATION_MODE = wholemodule;
				SWIFT_OBJC_BRIDGING_HEADER = "";
				SWIFT_OPTIMIZATION_LEVEL = "-O";
				VALIDATE_PRODUCT = YES;
			};
			name = Release;
		};
		97C737AD23981D0A0085891F /* Debug */ = {
			isa = XCBuildConfiguration;
			buildSettings = {
				ASSETCATALOG_COMPILER_APPICON_NAME = AppIcon;
				CODE_SIGN_STYLE = Automatic;
				DEVELOPMENT_TEAM = Y2Y3UF8R2H;
				INFOPLIST_FILE = MetalLearningApp/Info.plist;
				LD_RUNPATH_SEARCH_PATHS = (
					"$(inherited)",
					"@executable_path/Frameworks",
				);
				PRODUCT_BUNDLE_IDENTIFIER = com.devlight.MetalLearningApp;
				PRODUCT_NAME = "$(TARGET_NAME)";
				SWIFT_OBJC_BRIDGING_HEADER = "MetalLearningApp/MetalLearningApp-Bridging-Header.h";
				SWIFT_VERSION = 5.0;
				TARGETED_DEVICE_FAMILY = "1,2";
			};
			name = Debug;
		};
		97C737AE23981D0A0085891F /* Release */ = {
			isa = XCBuildConfiguration;
			buildSettings = {
				ASSETCATALOG_COMPILER_APPICON_NAME = AppIcon;
				CODE_SIGN_STYLE = Automatic;
				DEVELOPMENT_TEAM = Y2Y3UF8R2H;
				INFOPLIST_FILE = MetalLearningApp/Info.plist;
				LD_RUNPATH_SEARCH_PATHS = (
					"$(inherited)",
					"@executable_path/Frameworks",
				);
				PRODUCT_BUNDLE_IDENTIFIER = com.devlight.MetalLearningApp;
				PRODUCT_NAME = "$(TARGET_NAME)";
				SWIFT_OBJC_BRIDGING_HEADER = "MetalLearningApp/MetalLearningApp-Bridging-Header.h";
				SWIFT_VERSION = 5.0;
				TARGETED_DEVICE_FAMILY = "1,2";
			};
			name = Release;
		};
/* End XCBuildConfiguration section */

/* Begin XCConfigurationList section */
		97C7379323981D090085891F /* Build configuration list for PBXProject "MetalLearningApp" */ = {
			isa = XCConfigurationList;
			buildConfigurations = (
				97C737AA23981D0A0085891F /* Debug */,
				97C737AB23981D0A0085891F /* Release */,
			);
			defaultConfigurationIsVisible = 0;
			defaultConfigurationName = Release;
		};
		97C737AC23981D0A0085891F /* Build configuration list for PBXNativeTarget "MetalLearningApp" */ = {
			isa = XCConfigurationList;
			buildConfigurations = (
				97C737AD23981D0A0085891F /* Debug */,
				97C737AE23981D0A0085891F /* Release */,
			);
			defaultConfigurationIsVisible = 0;
			defaultConfigurationName = Release;
		};
/* End XCConfigurationList section */
	};
	rootObject = 97C7379023981D090085891F /* Project object */;
}
